
Microsoft Visual Studio Solution File, Format Version 12.00
# Visual Studio Version 16
VisualStudioVersion = 16.0.31402.337
MinimumVisualStudioVersion = 10.0.40219.1
Project("{FAE04EC0-301F-11D3-BF4B-00C04F79EFBC}") = "A1_C_sharp", "A1_C_sharp.csproj", "{BFC89CEB-5BC7-4F05-901A-2B71092A4DD5}"
EndProject
Global
	GlobalSection(SolutionConfigurationPlatforms) = preSolution
		Debug|Any CPU = Debug|Any CPU
		Release|Any CPU = Release|Any CPU
	EndGlobalSection
	GlobalSection(ProjectConfigurationPlatforms) = postSolution
		{BFC89CEB-5BC7-4F05-901A-2B71092A4DD5}.Debug|Any CPU.ActiveCfg = Debug|Any CPU
		{BFC89CEB-5BC7-4F05-901A-2B71092A4DD5}.Debug|Any CPU.Build.0 = Debug|Any CPU
		{BFC89CEB-5BC7-4F05-901A-2B71092A4DD5}.Release|Any CPU.ActiveCfg = Release|Any CPU
		{BFC89CEB-5BC7-4F05-901A-2B71092A4DD5}.Release|Any CPU.Build.0 = Release|Any CPU
	EndGlobalSection
	GlobalSection(SolutionProperties) = preSolution
		HideSolutionNode = FALSE
	EndGlobalSection
	GlobalSection(ExtensibilityGlobals) = postSolution
		SolutionGuid = {87EF7D76-52EC-4C5C-9703-A6B3015F6F70}
	EndGlobalSection
EndGlobal
